
Microsoft Visual Studio Solution File, Format Version 12.00
# Visual Studio 15
VisualStudioVersion = 15.0.28010.2048
MinimumVisualStudioVersion = 10.0.40219.1
Project("{FAE04EC0-301F-11D3-BF4B-00C04F79EFBC}") = "MLNetTry", "MLNetTry\MLNetTry.csproj", "{268B6C36-E528-478B-AE84-BF285C079184}"
EndProject
Global
	GlobalSection(SolutionConfigurationPlatforms) = preSolution
		Debug|Any CPU = Debug|Any CPU
		Release|Any CPU = Release|Any CPU
	EndGlobalSection
	GlobalSection(ProjectConfigurationPlatforms) = postSolution
		{268B6C36-E528-478B-AE84-BF285C079184}.Debug|Any CPU.ActiveCfg = Debug|Any CPU
		{268B6C36-E528-478B-AE84-BF285C079184}.Debug|Any CPU.Build.0 = Debug|Any CPU
		{268B6C36-E528-478B-AE84-BF285C079184}.Release|Any CPU.ActiveCfg = Release|Any CPU
		{268B6C36-E528-478B-AE84-BF285C079184}.Release|Any CPU.Build.0 = Release|Any CPU
	EndGlobalSection
	GlobalSection(SolutionProperties) = preSolution
		HideSolutionNode = FALSE
	EndGlobalSection
	GlobalSection(ExtensibilityGlobals) = postSolution
		SolutionGuid = {5E377F9C-10F9-48BA-B624-3E1F1423947E}
	EndGlobalSection
EndGlobal
